
Microsoft Visual Studio Solution File, Format Version 12.00
# Visual Studio Version 17
VisualStudioVersion = 17.14.36429.23 d17.14
MinimumVisualStudioVersion = 10.0.40219.1
Project("{FAE04EC0-301F-11D3-BF4B-00C04F79EFBC}") = "19.7", "19.7\19.7.csproj", "{B453A2AC-33CB-463C-A28C-C1847EC93E18}"
EndProject
Global
	GlobalSection(SolutionConfigurationPlatforms) = preSolution
		Debug|Any CPU = Debug|Any CPU
		Release|Any CPU = Release|Any CPU
	EndGlobalSection
	GlobalSection(ProjectConfigurationPlatforms) = postSolution
		{B453A2AC-33CB-463C-A28C-C1847EC93E18}.Debug|Any CPU.ActiveCfg = Debug|Any CPU
		{B453A2AC-33CB-463C-A28C-C1847EC93E18}.Debug|Any CPU.Build.0 = Debug|Any CPU
		{B453A2AC-33CB-463C-A28C-C1847EC93E18}.Release|Any CPU.ActiveCfg = Release|Any CPU
		{B453A2AC-33CB-463C-A28C-C1847EC93E18}.Release|Any CPU.Build.0 = Release|Any CPU
	EndGlobalSection
	GlobalSection(SolutionProperties) = preSolution
		HideSolutionNode = FALSE
	EndGlobalSection
	GlobalSection(ExtensibilityGlobals) = postSolution
		SolutionGuid = {ACC5563A-5F24-46AD-AED7-AE7196562B7C}
	EndGlobalSection
EndGlobal
